
Microsoft Visual Studio Solution File, Format Version 12.00
# Visual Studio Version 16
VisualStudioVersion = 16.0.29306.81
MinimumVisualStudioVersion = 10.0.40219.1
Project("{9A19103F-16F7-4668-BE54-9A1E7A4F7556}") = "Anagramchecker", "Anagramchecker\Anagramchecker.csproj", "{3F97DD50-4405-43EB-B58C-A4D743123ED2}"
EndProject
Project("{FAE04EC0-301F-11D3-BF4B-00C04F79EFBC}") = "AnagramCheckerWeb", "AnagramCheckerWeb\AnagramCheckerWeb.csproj", "{225F9076-3C6B-4313-A142-A75146C0BB38}"
EndProject
Global
	GlobalSection(SolutionConfigurationPlatforms) = preSolution
		Debug|Any CPU = Debug|Any CPU
		Release|Any CPU = Release|Any CPU
	EndGlobalSection
	GlobalSection(ProjectConfigurationPlatforms) = postSolution
		{3F97DD50-4405-43EB-B58C-A4D743123ED2}.Debug|Any CPU.ActiveCfg = Debug|Any CPU
		{3F97DD50-4405-43EB-B58C-A4D743123ED2}.Debug|Any CPU.Build.0 = Debug|Any CPU
		{3F97DD50-4405-43EB-B58C-A4D743123ED2}.Release|Any CPU.ActiveCfg = Release|Any CPU
		{3F97DD50-4405-43EB-B58C-A4D743123ED2}.Release|Any CPU.Build.0 = Release|Any CPU
		{225F9076-3C6B-4313-A142-A75146C0BB38}.Debug|Any CPU.ActiveCfg = Debug|Any CPU
		{225F9076-3C6B-4313-A142-A75146C0BB38}.Debug|Any CPU.Build.0 = Debug|Any CPU
		{225F9076-3C6B-4313-A142-A75146C0BB38}.Release|Any CPU.ActiveCfg = Release|Any CPU
		{225F9076-3C6B-4313-A142-A75146C0BB38}.Release|Any CPU.Build.0 = Release|Any CPU
	EndGlobalSection
	GlobalSection(SolutionProperties) = preSolution
		HideSolutionNode = FALSE
	EndGlobalSection
	GlobalSection(ExtensibilityGlobals) = postSolution
		SolutionGuid = {DBF8D366-8012-4D05-905F-F2EC6720F08A}
	EndGlobalSection
EndGlobal
